
Microsoft Visual Studio Solution File, Format Version 12.00
# Visual Studio Version 17
VisualStudioVersion = 17.3.32811.315
MinimumVisualStudioVersion = 10.0.40219.1
Project("{FAE04EC0-301F-11D3-BF4B-00C04F79EFBC}") = "LinkedList", "LinkedList.csproj", "{687504A2-E1A8-46F9-BFDD-23ED71A310A2}"
EndProject
Global
	GlobalSection(SolutionConfigurationPlatforms) = preSolution
		Debug|Any CPU = Debug|Any CPU
		Release|Any CPU = Release|Any CPU
	EndGlobalSection
	GlobalSection(ProjectConfigurationPlatforms) = postSolution
		{687504A2-E1A8-46F9-BFDD-23ED71A310A2}.Debug|Any CPU.ActiveCfg = Debug|Any CPU
		{687504A2-E1A8-46F9-BFDD-23ED71A310A2}.Debug|Any CPU.Build.0 = Debug|Any CPU
		{687504A2-E1A8-46F9-BFDD-23ED71A310A2}.Release|Any CPU.ActiveCfg = Release|Any CPU
		{687504A2-E1A8-46F9-BFDD-23ED71A310A2}.Release|Any CPU.Build.0 = Release|Any CPU
	EndGlobalSection
	GlobalSection(SolutionProperties) = preSolution
		HideSolutionNode = FALSE
	EndGlobalSection
	GlobalSection(ExtensibilityGlobals) = postSolution
		SolutionGuid = {EC550706-267F-48FD-B893-E12A402010CC}
	EndGlobalSection
EndGlobal
